
Microsoft Visual Studio Solution File, Format Version 12.00
# Visual Studio for Mac
Project("{FAE04EC0-301F-11D3-BF4B-00C04F79EFBC}") = "GameDesignAndDevelopment", "Assembly-CSharp.csproj", "{BFFA096E-5A1D-D1AE-B51D-C5BE5DE1F90D}"
EndProject
Project("{FAE04EC0-301F-11D3-BF4B-00C04F79EFBC}") = "GameDesignAndDevelopment", "Assembly-CSharp-Editor.csproj", "{C2FB98C2-EC84-2422-F06D-71814DF8A19D}"
EndProject
Global
	GlobalSection(SolutionConfigurationPlatforms) = preSolution
		Debug|Any CPU = Debug|Any CPU
		Release|Any CPU = Release|Any CPU
	EndGlobalSection
	GlobalSection(ProjectConfigurationPlatforms) = postSolution
		{BFFA096E-5A1D-D1AE-B51D-C5BE5DE1F90D}.Debug|Any CPU.ActiveCfg = Debug|Any CPU
		{BFFA096E-5A1D-D1AE-B51D-C5BE5DE1F90D}.Debug|Any CPU.Build.0 = Debug|Any CPU
		{BFFA096E-5A1D-D1AE-B51D-C5BE5DE1F90D}.Release|Any CPU.ActiveCfg = Release|Any CPU
		{BFFA096E-5A1D-D1AE-B51D-C5BE5DE1F90D}.Release|Any CPU.Build.0 = Release|Any CPU
		{C2FB98C2-EC84-2422-F06D-71814DF8A19D}.Debug|Any CPU.ActiveCfg = Debug|Any CPU
		{C2FB98C2-EC84-2422-F06D-71814DF8A19D}.Debug|Any CPU.Build.0 = Debug|Any CPU
		{C2FB98C2-EC84-2422-F06D-71814DF8A19D}.Release|Any CPU.ActiveCfg = Release|Any CPU
		{C2FB98C2-EC84-2422-F06D-71814DF8A19D}.Release|Any CPU.Build.0 = Release|Any CPU
	EndGlobalSection
	GlobalSection(SolutionProperties) = preSolution
		HideSolutionNode = FALSE
	EndGlobalSection
EndGlobal
